
Microsoft Visual Studio Solution File, Format Version 12.00
# Visual Studio Version 17
VisualStudioVersion = 17.5.33516.290
MinimumVisualStudioVersion = 10.0.40219.1
Project("{FAE04EC0-301F-11D3-BF4B-00C04F79EFBC}") = "Chrestin Project", "Chrestin Project.csproj", "{7796290B-87C7-401E-9E9E-9A50350C1DF6}"
EndProject
Global
	GlobalSection(SolutionConfigurationPlatforms) = preSolution
		Debug|Any CPU = Debug|Any CPU
		Release|Any CPU = Release|Any CPU
	EndGlobalSection
	GlobalSection(ProjectConfigurationPlatforms) = postSolution
		{7796290B-87C7-401E-9E9E-9A50350C1DF6}.Debug|Any CPU.ActiveCfg = Debug|Any CPU
		{7796290B-87C7-401E-9E9E-9A50350C1DF6}.Debug|Any CPU.Build.0 = Debug|Any CPU
		{7796290B-87C7-401E-9E9E-9A50350C1DF6}.Release|Any CPU.ActiveCfg = Release|Any CPU
		{7796290B-87C7-401E-9E9E-9A50350C1DF6}.Release|Any CPU.Build.0 = Release|Any CPU
	EndGlobalSection
	GlobalSection(SolutionProperties) = preSolution
		HideSolutionNode = FALSE
	EndGlobalSection
	GlobalSection(ExtensibilityGlobals) = postSolution
		SolutionGuid = {2DBC45E2-E767-4FCB-9FF9-47F650B0F31D}
	EndGlobalSection
EndGlobal
